# This file is automatically @generated by Cargo.
# It is not intended for manual editing.
version = 4

[[package]]
name = "pi"
version = "0.1.0"
dependencies = [
 "volatile",
]

[[package]]
name = "rust_os"
version = "0.1.0"
dependencies = [
 "pi",
 "volatile",
]

[[package]]
name = "volatile"
version = "0.1.0"
